<?xml version="1.0" encoding="UTF-8"?>
<CONFIG>
  <ProjectOptions>
    <Version Value="12"/>
    <General>
      <Flags>
        <MainUnitHasCreateFormStatements Value="False"/>
        <MainUnitHasTitleStatement Value="False"/>
        <MainUnitHasScaledStatement Value="False"/>
      </Flags>
      <SessionStorage Value="InProjectDir"/>
      <Title Value="MapReduceExample"/>
      <UseAppBundle Value="False"/>
      <ResourceType Value="res"/>
    </General>
    <BuildModes>
      <Item Name="Default" Default="True"/>
    </BuildModes>
    <PublishOptions>
      <Version Value="2"/>
      <UseFileFilters Value="True"/>
    </PublishOptions>
    <RunParams>
      <FormatVersion Value="2"/>
    </RunParams>
    <Units>
      <Unit>
        <Filename Value="MapReduceExample.lpr"/>
        <IsPartOfProject Value="True"/>
      </Unit>
      <Unit>
        <Filename Value="../../MapReduceUnit.pp"/>
        <IsPartOfProject Value="True"/>
      </Unit>
      <Unit>
        <Filename Value="../../Pipeline.TypesUnit.pp"/>
        <IsPartOfProject Value="True"/>
      </Unit>
      <Unit>
        <Filename Value="../../../General-Purpose-Units/StreamUnit.pas"/>
        <IsPartOfProject Value="True"/>
      </Unit>
      <Unit>
        <Filename Value="../../../Unicode-Functions/WideStringUnit.pas"/>
        <IsPartOfProject Value="True"/>
      </Unit>
      <Unit>
        <Filename Value="../../../ALogger/ALoggerUnit.pp"/>
        <IsPartOfProject Value="True"/>
      </Unit>
      <Unit>
        <Filename Value="../../../Threading/SyncUnit.pp"/>
        <IsPartOfProject Value="True"/>
      </Unit>
      <Unit>
        <Filename Value="../../../PB2PAS/ProtoHelperUnit.pp"/>
        <IsPartOfProject Value="True"/>
      </Unit>
      <Unit>
        <Filename Value="../../../Algorithmic-Units/HeapUnit.pp"/>
        <IsPartOfProject Value="True"/>
      </Unit>
      <Unit>
        <Filename Value="../../MapReduce.NodeUnit.pp"/>
        <IsPartOfProject Value="True"/>
      </Unit>
      <Unit>
        <Filename Value="../../MapReduce.MapperUnit.pp"/>
        <IsPartOfProject Value="True"/>
      </Unit>
      <Unit>
        <Filename Value="../../MapReduce.KeyValueUnit.pp"/>
        <IsPartOfProject Value="True"/>
      </Unit>
      <Unit>
        <Filename Value="../../MapReduce.GraphUnit.pp"/>
        <IsPartOfProject Value="True"/>
      </Unit>
      <Unit>
        <Filename Value="../../MapReduce.ReaderUnit.pp"/>
        <IsPartOfProject Value="True"/>
      </Unit>
      <Unit>
        <Filename Value="../../MapReduce.UtilsUnits.pp"/>
        <IsPartOfProject Value="True"/>
      </Unit>
      <Unit>
        <Filename Value="../../StepHandlerUnit.pp"/>
        <IsPartOfProject Value="True"/>
      </Unit>
    </Units>
  </ProjectOptions>
  <CompilerOptions>
    <Version Value="11"/>
    <Target>
      <Filename Value="MapReduceExample"/>
    </Target>
    <SearchPaths>
      <IncludeFiles Value="$(ProjOutDir)"/>
      <OtherUnitFiles Value="../..;../../../General-Purpose-Units;../../../Unicode-Functions;../../../ALogger;../../../Threading;../../../PB2PAS;../../../Algorithmic-Units"/>
      <UnitOutputDirectory Value="lib/$(TargetCPU)-$(TargetOS)"/>
    </SearchPaths>
    <Linking>
      <Debugging>
        <DebugInfoType Value="dsDwarf3"/>
      </Debugging>
    </Linking>
  </CompilerOptions>
  <Debugging>
    <Exceptions>
      <Item>
        <Name Value="EAbort"/>
      </Item>
      <Item>
        <Name Value="ECodetoolError"/>
      </Item>
      <Item>
        <Name Value="EFOpenError"/>
      </Item>
    </Exceptions>
  </Debugging>
</CONFIG>
