<?xml version="1.0" encoding="UTF-8"?>
<CONFIG>
  <ProjectOptions>
    <Version Value="10"/>
    <General>
      <Flags>
        <MainUnitHasCreateFormStatements Value="False"/>
        <MainUnitHasTitleStatement Value="False"/>
      </Flags>
      <SessionStorage Value="InProjectDir"/>
      <MainUnit Value="0"/>
      <Title Value="CRT_Encoding"/>
      <UseAppBundle Value="False"/>
      <ResourceType Value="res"/>
    </General>
    <VersionInfo>
      <StringTable ProductVersion="0.0.0.0"/>
    </VersionInfo>
    <BuildModes Count="1">
      <Item1 Name="Default" Default="True"/>
    </BuildModes>
    <PublishOptions>
      <Version Value="2"/>
    </PublishOptions>
    <RunParams>
      <local>
        <FormatVersion Value="1"/>
        <CommandLineParams Value="--ProblemMode FindN --Ri 12,15,3,2 --Mi 15,17,19,23 --Encoder BasicCRTEncoder"/>
      </local>
    </RunParams>
    <Units Count="17">
      <Unit0>
        <Filename Value="CRT_Encoding.lpr"/>
        <IsPartOfProject Value="True"/>
      </Unit0>
      <Unit1>
        <Filename Value="../../General-Purpose-Units/ParameterManagerUnit.pp"/>
        <IsPartOfProject Value="True"/>
      </Unit1>
      <Unit2>
        <Filename Value="../../General-Purpose-Units/GenericCollectionUnit.pp"/>
        <IsPartOfProject Value="True"/>
      </Unit2>
      <Unit3>
        <Filename Value="../../../../../../../../../Mine/FPC/fpc/packages/fcl-stl/src/gvector.pp"/>
        <IsPartOfProject Value="True"/>
      </Unit3>
      <Unit4>
        <Filename Value="../../SAT-Solver-Units/Encodings/CRT/CRTUnit.pp"/>
        <IsPartOfProject Value="True"/>
      </Unit4>
      <Unit5>
        <Filename Value="../../SAT-Solver-Units/Encodings/BaseConstraintUnit.pp"/>
        <IsPartOfProject Value="True"/>
      </Unit5>
      <Unit6>
        <Filename Value="../../SAT-Solver-Units/Encodings/BaseEncoderUnit.pp"/>
        <IsPartOfProject Value="True"/>
      </Unit6>
      <Unit7>
        <Filename Value="../../SAT-Solver-Units/General/ClauseUnit.pp"/>
        <IsPartOfProject Value="True"/>
      </Unit7>
      <Unit8>
        <Filename Value="../../Unicode-Functions/WideStringUnit.pas"/>
        <IsPartOfProject Value="True"/>
      </Unit8>
      <Unit9>
        <Filename Value="../../SAT-Solver-Units/SatSolverInterfaceUnit.pp"/>
        <IsPartOfProject Value="True"/>
      </Unit9>
      <Unit10>
        <Filename Value="../../SAT-Solver-Units/MiniSAT/MiniSatSolverInterfaceUnit.pp"/>
        <IsPartOfProject Value="True"/>
      </Unit10>
      <Unit11>
        <Filename Value="../../Algortihmic-Unit/NumberTheoryUnit.pp"/>
        <IsPartOfProject Value="True"/>
      </Unit11>
      <Unit12>
        <Filename Value="../../SAT-Solver-Units/Encodings/CRT/CRTConstraintUnit.pp"/>
        <IsPartOfProject Value="True"/>
      </Unit12>
      <Unit13>
        <Filename Value="../../SAT-Solver-Units/General/TSeitinVariableUnit.pp"/>
        <IsPartOfProject Value="True"/>
      </Unit13>
      <Unit14>
        <Filename Value="../../SAT-Solver-Units/Circuits/Arithmetic-Circuits/BinaryArithmeticCircuitUnit.pp"/>
        <IsPartOfProject Value="True"/>
      </Unit14>
      <Unit15>
        <Filename Value="../../SAT-Solver-Units/Circuits/Arithmetic-Circuits/BaseArithmeticCircuitUnit.pp"/>
        <IsPartOfProject Value="True"/>
      </Unit15>
      <Unit16>
        <Filename Value="../../SAT-Solver-Units/Circuits/BaseCircuitUnit.pp"/>
        <IsPartOfProject Value="True"/>
      </Unit16>
    </Units>
  </ProjectOptions>
  <CompilerOptions>
    <Version Value="11"/>
    <Target>
      <Filename Value="CRT_Encoding"/>
    </Target>
    <SearchPaths>
      <IncludeFiles Value="$(ProjOutDir)"/>
      <OtherUnitFiles Value="../../General-Purpose-Units;/home/rima/Mine/FPC/fpc/packages/fcl-stl/src/;../../SAT-Solver-Units/Encodings/CRT;../../SAT-Solver-Units/Encodings;../../SAT-Solver-Units/General;../../Unicode-Functions;../../SAT-Solver-Units;../../SAT-Solver-Units/MiniSAT;../../Algortihmic-Unit;../../SAT-Solver-Units/Circuits/Arithmetic-Circuits;../../SAT-Solver-Units/Circuits"/>
      <UnitOutputDirectory Value="lib/$(TargetCPU)-$(TargetOS)"/>
    </SearchPaths>
  </CompilerOptions>
  <Debugging>
    <Exceptions Count="4">
      <Item1>
        <Name Value="EAbort"/>
      </Item1>
      <Item2>
        <Name Value="ECodetoolError"/>
      </Item2>
      <Item3>
        <Name Value="EFOpenError"/>
      </Item3>
      <Item4>
        <Name Value="ENameNotFound"/>
      </Item4>
    </Exceptions>
  </Debugging>
</CONFIG>
